
Microsoft Visual Studio Solution File, Format Version 12.00
# Visual Studio Version 17
VisualStudioVersion = 17.5.33424.131
MinimumVisualStudioVersion = 10.0.40219.1
Project("{FAE04EC0-301F-11D3-BF4B-00C04F79EFBC}") = "Part2", "Part2\Part2.csproj", "{049DBD5F-6831-434B-A16E-AB7EB65336DC}"
EndProject
Global
	GlobalSection(SolutionConfigurationPlatforms) = preSolution
		Debug|Any CPU = Debug|Any CPU
		Release|Any CPU = Release|Any CPU
	EndGlobalSection
	GlobalSection(ProjectConfigurationPlatforms) = postSolution
		{049DBD5F-6831-434B-A16E-AB7EB65336DC}.Debug|Any CPU.ActiveCfg = Debug|Any CPU
		{049DBD5F-6831-434B-A16E-AB7EB65336DC}.Debug|Any CPU.Build.0 = Debug|Any CPU
		{049DBD5F-6831-434B-A16E-AB7EB65336DC}.Release|Any CPU.ActiveCfg = Release|Any CPU
		{049DBD5F-6831-434B-A16E-AB7EB65336DC}.Release|Any CPU.Build.0 = Release|Any CPU
	EndGlobalSection
	GlobalSection(SolutionProperties) = preSolution
		HideSolutionNode = FALSE
	EndGlobalSection
	GlobalSection(ExtensibilityGlobals) = postSolution
		SolutionGuid = {7103D2FC-292D-4B4D-A83A-1380B8B2D810}
	EndGlobalSection
EndGlobal
